
Microsoft Visual Studio Solution File, Format Version 12.00
# Visual Studio Version 17
VisualStudioVersion = 17.7.34202.233
MinimumVisualStudioVersion = 10.0.40219.1
Project("{FAE04EC0-301F-11D3-BF4B-00C04F79EFBC}") = "WebAPI", "WebAPI\WebAPI.csproj", "{B791AE39-08D0-49CF-9A45-3D9C03E416AA}"
EndProject
Project("{FAE04EC0-301F-11D3-BF4B-00C04F79EFBC}") = "Luca_Andra_Lab11", "Luca_Andra_Lab11\Luca_Andra_Lab11.csproj", "{1642CB86-36C0-4764-9E3A-5C4F110AA030}"
EndProject
Global
	GlobalSection(SolutionConfigurationPlatforms) = preSolution
		Debug|Any CPU = Debug|Any CPU
		Release|Any CPU = Release|Any CPU
	EndGlobalSection
	GlobalSection(ProjectConfigurationPlatforms) = postSolution
		{B791AE39-08D0-49CF-9A45-3D9C03E416AA}.Debug|Any CPU.ActiveCfg = Debug|Any CPU
		{B791AE39-08D0-49CF-9A45-3D9C03E416AA}.Debug|Any CPU.Build.0 = Debug|Any CPU
		{B791AE39-08D0-49CF-9A45-3D9C03E416AA}.Release|Any CPU.ActiveCfg = Release|Any CPU
		{B791AE39-08D0-49CF-9A45-3D9C03E416AA}.Release|Any CPU.Build.0 = Release|Any CPU
		{1642CB86-36C0-4764-9E3A-5C4F110AA030}.Debug|Any CPU.ActiveCfg = Debug|Any CPU
		{1642CB86-36C0-4764-9E3A-5C4F110AA030}.Debug|Any CPU.Build.0 = Debug|Any CPU
		{1642CB86-36C0-4764-9E3A-5C4F110AA030}.Debug|Any CPU.Deploy.0 = Debug|Any CPU
		{1642CB86-36C0-4764-9E3A-5C4F110AA030}.Release|Any CPU.ActiveCfg = Release|Any CPU
		{1642CB86-36C0-4764-9E3A-5C4F110AA030}.Release|Any CPU.Build.0 = Release|Any CPU
		{1642CB86-36C0-4764-9E3A-5C4F110AA030}.Release|Any CPU.Deploy.0 = Release|Any CPU
	EndGlobalSection
	GlobalSection(SolutionProperties) = preSolution
		HideSolutionNode = FALSE
	EndGlobalSection
	GlobalSection(ExtensibilityGlobals) = postSolution
		SolutionGuid = {B49A8709-A6CA-45BB-A09D-88ADDF9FE7D1}
	EndGlobalSection
EndGlobal
